
Microsoft Visual Studio Solution File, Format Version 12.00
# Visual Studio Version 17
VisualStudioVersion = 17.5.33424.131
MinimumVisualStudioVersion = 10.0.40219.1
Project("{FAE04EC0-301F-11D3-BF4B-00C04F79EFBC}") = "SoftwareConstruction2", "SoftwareConstruction2\SoftwareConstruction2.csproj", "{D2BB9034-2127-4013-AE20-4DB2972184D1}"
	ProjectSection(ProjectDependencies) = postProject
		{16A071E3-D057-4D8C-BE07-4768A1CA6190} = {16A071E3-D057-4D8C-BE07-4768A1CA6190}
	EndProjectSection
EndProject
Project("{FAE04EC0-301F-11D3-BF4B-00C04F79EFBC}") = "UnitTestProject", "UnitTestProject\UnitTestProject.csproj", "{0C4DD52C-DB21-491F-B7FE-25931629F8CA}"
EndProject
Project("{FAE04EC0-301F-11D3-BF4B-00C04F79EFBC}") = "ProductList", "ProductList\ProductList.csproj", "{16A071E3-D057-4D8C-BE07-4768A1CA6190}"
EndProject
Global
	GlobalSection(SolutionConfigurationPlatforms) = preSolution
		Debug|Any CPU = Debug|Any CPU
		Debug|x64 = Debug|x64
		Release|Any CPU = Release|Any CPU
		Release|x64 = Release|x64
	EndGlobalSection
	GlobalSection(ProjectConfigurationPlatforms) = postSolution
		{D2BB9034-2127-4013-AE20-4DB2972184D1}.Debug|Any CPU.ActiveCfg = Debug|Any CPU
		{D2BB9034-2127-4013-AE20-4DB2972184D1}.Debug|Any CPU.Build.0 = Debug|Any CPU
		{D2BB9034-2127-4013-AE20-4DB2972184D1}.Debug|x64.ActiveCfg = Debug|Any CPU
		{D2BB9034-2127-4013-AE20-4DB2972184D1}.Debug|x64.Build.0 = Debug|Any CPU
		{D2BB9034-2127-4013-AE20-4DB2972184D1}.Release|Any CPU.ActiveCfg = Release|Any CPU
		{D2BB9034-2127-4013-AE20-4DB2972184D1}.Release|Any CPU.Build.0 = Release|Any CPU
		{D2BB9034-2127-4013-AE20-4DB2972184D1}.Release|x64.ActiveCfg = Release|Any CPU
		{D2BB9034-2127-4013-AE20-4DB2972184D1}.Release|x64.Build.0 = Release|Any CPU
		{0C4DD52C-DB21-491F-B7FE-25931629F8CA}.Debug|Any CPU.ActiveCfg = Debug|Any CPU
		{0C4DD52C-DB21-491F-B7FE-25931629F8CA}.Debug|Any CPU.Build.0 = Debug|Any CPU
		{0C4DD52C-DB21-491F-B7FE-25931629F8CA}.Debug|x64.ActiveCfg = Debug|Any CPU
		{0C4DD52C-DB21-491F-B7FE-25931629F8CA}.Debug|x64.Build.0 = Debug|Any CPU
		{0C4DD52C-DB21-491F-B7FE-25931629F8CA}.Release|Any CPU.ActiveCfg = Release|Any CPU
		{0C4DD52C-DB21-491F-B7FE-25931629F8CA}.Release|Any CPU.Build.0 = Release|Any CPU
		{0C4DD52C-DB21-491F-B7FE-25931629F8CA}.Release|x64.ActiveCfg = Release|Any CPU
		{0C4DD52C-DB21-491F-B7FE-25931629F8CA}.Release|x64.Build.0 = Release|Any CPU
		{16A071E3-D057-4D8C-BE07-4768A1CA6190}.Debug|Any CPU.ActiveCfg = Debug|Any CPU
		{16A071E3-D057-4D8C-BE07-4768A1CA6190}.Debug|Any CPU.Build.0 = Debug|Any CPU
		{16A071E3-D057-4D8C-BE07-4768A1CA6190}.Debug|x64.ActiveCfg = Debug|Any CPU
		{16A071E3-D057-4D8C-BE07-4768A1CA6190}.Debug|x64.Build.0 = Debug|Any CPU
		{16A071E3-D057-4D8C-BE07-4768A1CA6190}.Release|Any CPU.ActiveCfg = Release|Any CPU
		{16A071E3-D057-4D8C-BE07-4768A1CA6190}.Release|Any CPU.Build.0 = Release|Any CPU
		{16A071E3-D057-4D8C-BE07-4768A1CA6190}.Release|x64.ActiveCfg = Release|Any CPU
		{16A071E3-D057-4D8C-BE07-4768A1CA6190}.Release|x64.Build.0 = Release|Any CPU
	EndGlobalSection
	GlobalSection(SolutionProperties) = preSolution
		HideSolutionNode = FALSE
	EndGlobalSection
	GlobalSection(ExtensibilityGlobals) = postSolution
		SolutionGuid = {91EFE5F7-9A85-4FE1-A872-F68A1459E7B2}
	EndGlobalSection
EndGlobal
